
Microsoft Visual Studio Solution File, Format Version 12.00
# Visual Studio Version 16
VisualStudioVersion = 16.0.30907.101
MinimumVisualStudioVersion = 10.0.40219.1
Project("{FAE04EC0-301F-11D3-BF4B-00C04F79EFBC}") = "GlobalGamesCET49AP", "GlobalGamesCET49AP\GlobalGamesCET49AP.csproj", "{973D2438-2000-4939-959C-9CACE5DD2B78}"
EndProject
Global
	GlobalSection(SolutionConfigurationPlatforms) = preSolution
		Debug|Any CPU = Debug|Any CPU
		Release|Any CPU = Release|Any CPU
	EndGlobalSection
	GlobalSection(ProjectConfigurationPlatforms) = postSolution
		{973D2438-2000-4939-959C-9CACE5DD2B78}.Debug|Any CPU.ActiveCfg = Debug|Any CPU
		{973D2438-2000-4939-959C-9CACE5DD2B78}.Debug|Any CPU.Build.0 = Debug|Any CPU
		{973D2438-2000-4939-959C-9CACE5DD2B78}.Release|Any CPU.ActiveCfg = Release|Any CPU
		{973D2438-2000-4939-959C-9CACE5DD2B78}.Release|Any CPU.Build.0 = Release|Any CPU
	EndGlobalSection
	GlobalSection(SolutionProperties) = preSolution
		HideSolutionNode = FALSE
	EndGlobalSection
	GlobalSection(ExtensibilityGlobals) = postSolution
		SolutionGuid = {AE7B2B15-B7C7-414E-9DB5-103CC401CD0F}
	EndGlobalSection
EndGlobal
